schema: '2.0'
stages:
  process:
    cmd: python src/process_data.py
    deps:
    - path: data/data.csv
      md5: 64d12b891fb15cfabf65a98bb9dad2a7
      size: 85743
    - path: src/process_data.py
      md5: 196af52fd49f1662b04b6fea385301a8
      size: 1283
    params:
      params.yaml:
        data:
          raw: data/data.csv
          intermediate: data/intermediate
        process:
          feature: quality
          test_size: 0.2
    outs:
    - path: data/intermediate
      md5: 1d4cc6101197af5e43b183d4dd5f06e6.dir
      size: 194875
      nfiles: 4
  train:
    cmd: python src/train.py
    deps:
    - path: data/intermediate
      md5: 1d4cc6101197af5e43b183d4dd5f06e6.dir
      size: 194875
      nfiles: 4
    - path: src/train.py
      md5: d1fbd3bc6e4e837b92e267f141d08537
      size: 1645
    params:
      params.yaml:
        data:
          raw: data/data.csv
          intermediate: data/intermediate
        model: model/svm.pkl
        train:
          hyperparameters:
            svm__kernel:
            - linear
            - rbf
            svm__C:
            - 0.1
            - 1
            - 10
            svm__gamma:
            - 0.1
            - 1
            - 10
          grid_search:
            cv: 5
            scoring: accuracy
            verbose: 3
    outs:
    - path: model/svm.pkl
      md5: cbbbca3655b8ecb412dacc9a48da07e0
      size: 213207
  evaluate:
    cmd: python src/evaluate.py
    deps:
    - path: data/intermediate
      md5: 1d4cc6101197af5e43b183d4dd5f06e6.dir
      size: 194875
      nfiles: 4
    - path: model
      md5: 8f8d8884fd0dcf536eb8ae1003ec0625.dir
      size: 213217
      nfiles: 2
    - path: src/evaluate.py
      md5: 97982ab6092095393c7b80e898e1d387
      size: 799
    params:
      params.yaml:
        data:
          raw: data/data.csv
          intermediate: data/intermediate
        model: model/svm.pkl
    outs:
    - path: dvclive/metrics.json
      md5: d883d3a4cc9dddb29de51edbbe9cd636
      size: 26
